// !$*UTF8*$!
{
	archiveVersion = 1;
	classes = {
	};
	objectVersion = 56;
	objects = {

/* Begin PBXBuildFile section */
		1BFA8C03B70B7C5990164EB2 /* Pods_Grow.framework in Frameworks */ = {isa = PBXBuildFile; fileRef = FFF218D6EB8C8396C6850024 /* Pods_Grow.framework */; };
		6A936F17ED7B730604E10E77 /* Pods_GrowTests.framework in Frameworks */ = {isa = PBXBuildFile; fileRef = 5E523643B1DBD29DBAB5BC9E /* Pods_GrowTests.framework */; };
		750B33BB2CB4057900923A3B /* CardCollectionViewCell.swift in Sources */ = {isa = PBXBuildFile; fileRef = 750B33B92CB4057900923A3B /* CardCollectionViewCell.swift */; };
		750B33BC2CB4057900923A3B /* CardCollectionViewCell.xib in Resources */ = {isa = PBXBuildFile; fileRef = 750B33BA2CB4057900923A3B /* CardCollectionViewCell.xib */; };
		7511AB082CA5977500B94685 /* CustomCollectionViewCell.xib in Resources */ = {isa = PBXBuildFile; fileRef = 7511AB072CA5977500B94685 /* CustomCollectionViewCell.xib */; };
		7511AB092CA5977500B94685 /* CustomCollectionViewCell.swift in Sources */ = {isa = PBXBuildFile; fileRef = 7511AB062CA5977500B94685 /* CustomCollectionViewCell.swift */; };
		7552E8522CA2E86C008D3867 /* AppDelegate.swift in Sources */ = {isa = PBXBuildFile; fileRef = 7552E8512CA2E86C008D3867 /* AppDelegate.swift */; };
		7552E8542CA2E86C008D3867 /* SceneDelegate.swift in Sources */ = {isa = PBXBuildFile; fileRef = 7552E8532CA2E86C008D3867 /* SceneDelegate.swift */; };
		7552E8562CA2E86C008D3867 /* ViewController.swift in Sources */ = {isa = PBXBuildFile; fileRef = 7552E8552CA2E86C008D3867 /* ViewController.swift */; };
		7552E8592CA2E86C008D3867 /* Base in Resources */ = {isa = PBXBuildFile; fileRef = 7552E8582CA2E86C008D3867 /* Base */; };
		7552E85B2CA2E86D008D3867 /* Assets.xcassets in Resources */ = {isa = PBXBuildFile; fileRef = 7552E85A2CA2E86D008D3867 /* Assets.xcassets */; };
		7552E85E2CA2E86D008D3867 /* Base in Resources */ = {isa = PBXBuildFile; fileRef = 7552E85D2CA2E86D008D3867 /* Base */; };
		7552E8692CA2E86D008D3867 /* GrowTests.swift in Sources */ = {isa = PBXBuildFile; fileRef = 7552E8682CA2E86D008D3867 /* GrowTests.swift */; };
		7552E8732CA2E86D008D3867 /* GrowUITests.swift in Sources */ = {isa = PBXBuildFile; fileRef = 7552E8722CA2E86D008D3867 /* GrowUITests.swift */; };
		7552E8752CA2E86D008D3867 /* GrowUITestsLaunchTests.swift in Sources */ = {isa = PBXBuildFile; fileRef = 7552E8742CA2E86D008D3867 /* GrowUITestsLaunchTests.swift */; };
		756D9A182CA58C0800CAD41F /* BaseViewController.swift in Sources */ = {isa = PBXBuildFile; fileRef = 756D9A172CA58C0800CAD41F /* BaseViewController.swift */; };
		759262082CA2F3AB003E4BA2 /* plant.json in Resources */ = {isa = PBXBuildFile; fileRef = 759262072CA2F3AB003E4BA2 /* plant.json */; };
		A00E51DBA9D8FD3E34F7E7D5 /* Pods_Grow_GrowUITests.framework in Frameworks */ = {isa = PBXBuildFile; fileRef = BA32617B0B3FD28E7799EC81 /* Pods_Grow_GrowUITests.framework */; };
/* End PBXBuildFile section */

/* Begin PBXContainerItemProxy section */
		7552E8652CA2E86D008D3867 /* PBXContainerItemProxy */ = {
			isa = PBXContainerItemProxy;
			containerPortal = 7552E8462CA2E86C008D3867 /* Project object */;
			proxyType = 1;
			remoteGlobalIDString = 7552E84D2CA2E86C008D3867;
			remoteInfo = Grow;
		};
		7552E86F2CA2E86D008D3867 /* PBXContainerItemProxy */ = {
			isa = PBXContainerItemProxy;
			containerPortal = 7552E8462CA2E86C008D3867 /* Project object */;
			proxyType = 1;
			remoteGlobalIDString = 7552E84D2CA2E86C008D3867;
			remoteInfo = Grow;
		};
/* End PBXContainerItemProxy section */

/* Begin PBXFileReference section */
		2DC3BB0209C00688884B3E1A /* Pods-GrowTests.release.xcconfig */ = {isa = PBXFileReference; includeInIndex = 1; lastKnownFileType = text.xcconfig; name = "Pods-GrowTests.release.xcconfig"; path = "Target Support Files/Pods-GrowTests/Pods-GrowTests.release.xcconfig"; sourceTree = "<group>"; };
		5E523643B1DBD29DBAB5BC9E /* Pods_GrowTests.framework */ = {isa = PBXFileReference; explicitFileType = wrapper.framework; includeInIndex = 0; path = Pods_GrowTests.framework; sourceTree = BUILT_PRODUCTS_DIR; };
		73C500D4E7E6A8CC7B17283F /* Pods-Grow-GrowUITests.release.xcconfig */ = {isa = PBXFileReference; includeInIndex = 1; lastKnownFileType = text.xcconfig; name = "Pods-Grow-GrowUITests.release.xcconfig"; path = "Target Support Files/Pods-Grow-GrowUITests/Pods-Grow-GrowUITests.release.xcconfig"; sourceTree = "<group>"; };
		750B33B92CB4057900923A3B /* CardCollectionViewCell.swift */ = {isa = PBXFileReference; lastKnownFileType = sourcecode.swift; path = CardCollectionViewCell.swift; sourceTree = "<group>"; };
		750B33BA2CB4057900923A3B /* CardCollectionViewCell.xib */ = {isa = PBXFileReference; lastKnownFileType = file.xib; path = CardCollectionViewCell.xib; sourceTree = "<group>"; };
		7511AB062CA5977500B94685 /* CustomCollectionViewCell.swift */ = {isa = PBXFileReference; lastKnownFileType = sourcecode.swift; path = CustomCollectionViewCell.swift; sourceTree = "<group>"; };
		7511AB072CA5977500B94685 /* CustomCollectionViewCell.xib */ = {isa = PBXFileReference; lastKnownFileType = file.xib; path = CustomCollectionViewCell.xib; sourceTree = "<group>"; };
		7552E84E2CA2E86C008D3867 /* Grow.app */ = {isa = PBXFileReference; explicitFileType = wrapper.application; includeInIndex = 0; path = Grow.app; sourceTree = BUILT_PRODUCTS_DIR; };
		7552E8512CA2E86C008D3867 /* AppDelegate.swift */ = {isa = PBXFileReference; lastKnownFileType = sourcecode.swift; path = AppDelegate.swift; sourceTree = "<group>"; };
		7552E8532CA2E86C008D3867 /* SceneDelegate.swift */ = {isa = PBXFileReference; lastKnownFileType = sourcecode.swift; path = SceneDelegate.swift; sourceTree = "<group>"; };
		7552E8552CA2E86C008D3867 /* ViewController.swift */ = {isa = PBXFileReference; lastKnownFileType = sourcecode.swift; path = ViewController.swift; sourceTree = "<group>"; };
		7552E8582CA2E86C008D3867 /* Base */ = {isa = PBXFileReference; lastKnownFileType = file.storyboard; name = Base; path = Base.lproj/Main.storyboard; sourceTree = "<group>"; };
		7552E85A2CA2E86D008D3867 /* Assets.xcassets */ = {isa = PBXFileReference; lastKnownFileType = folder.assetcatalog; path = Assets.xcassets; sourceTree = "<group>"; };
		7552E85D2CA2E86D008D3867 /* Base */ = {isa = PBXFileReference; lastKnownFileType = file.storyboard; name = Base; path = Base.lproj/LaunchScreen.storyboard; sourceTree = "<group>"; };
		7552E85F2CA2E86D008D3867 /* Info.plist */ = {isa = PBXFileReference; lastKnownFileType = text.plist.xml; path = Info.plist; sourceTree = "<group>"; };
		7552E8642CA2E86D008D3867 /* GrowTests.xctest */ = {isa = PBXFileReference; explicitFileType = wrapper.cfbundle; includeInIndex = 0; path = GrowTests.xctest; sourceTree = BUILT_PRODUCTS_DIR; };
		7552E8682CA2E86D008D3867 /* GrowTests.swift */ = {isa = PBXFileReference; lastKnownFileType = sourcecode.swift; path = GrowTests.swift; sourceTree = "<group>"; };
		7552E86E2CA2E86D008D3867 /* GrowUITests.xctest */ = {isa = PBXFileReference; explicitFileType = wrapper.cfbundle; includeInIndex = 0; path = GrowUITests.xctest; sourceTree = BUILT_PRODUCTS_DIR; };
		7552E8722CA2E86D008D3867 /* GrowUITests.swift */ = {isa = PBXFileReference; lastKnownFileType = sourcecode.swift; path = GrowUITests.swift; sourceTree = "<group>"; };
		7552E8742CA2E86D008D3867 /* GrowUITestsLaunchTests.swift */ = {isa = PBXFileReference; lastKnownFileType = sourcecode.swift; path = GrowUITestsLaunchTests.swift; sourceTree = "<group>"; };
		756D9A172CA58C0800CAD41F /* BaseViewController.swift */ = {isa = PBXFileReference; lastKnownFileType = sourcecode.swift; path = BaseViewController.swift; sourceTree = "<group>"; };
		759262072CA2F3AB003E4BA2 /* plant.json */ = {isa = PBXFileReference; fileEncoding = 4; lastKnownFileType = text.json; path = plant.json; sourceTree = "<group>"; };
		84F0E2109633C65D8D0A6A9D /* Pods-Grow.release.xcconfig */ = {isa = PBXFileReference; includeInIndex = 1; lastKnownFileType = text.xcconfig; name = "Pods-Grow.release.xcconfig"; path = "Target Support Files/Pods-Grow/Pods-Grow.release.xcconfig"; sourceTree = "<group>"; };
		8B8C0B1B4C1518E129D9EBDA /* Pods-Grow-GrowUITests.debug.xcconfig */ = {isa = PBXFileReference; includeInIndex = 1; lastKnownFileType = text.xcconfig; name = "Pods-Grow-GrowUITests.debug.xcconfig"; path = "Target Support Files/Pods-Grow-GrowUITests/Pods-Grow-GrowUITests.debug.xcconfig"; sourceTree = "<group>"; };
		9BBBE8EB4B6F2B8E46D1C42F /* Pods-Grow.debug.xcconfig */ = {isa = PBXFileReference; includeInIndex = 1; lastKnownFileType = text.xcconfig; name = "Pods-Grow.debug.xcconfig"; path = "Target Support Files/Pods-Grow/Pods-Grow.debug.xcconfig"; sourceTree = "<group>"; };
		BA32617B0B3FD28E7799EC81 /* Pods_Grow_GrowUITests.framework */ = {isa = PBXFileReference; explicitFileType = wrapper.framework; includeInIndex = 0; path = Pods_Grow_GrowUITests.framework; sourceTree = BUILT_PRODUCTS_DIR; };
		F4E0DC2CD51DB0D495F2A9A9 /* Pods-GrowTests.debug.xcconfig */ = {isa = PBXFileReference; includeInIndex = 1; lastKnownFileType = text.xcconfig; name = "Pods-GrowTests.debug.xcconfig"; path = "Target Support Files/Pods-GrowTests/Pods-GrowTests.debug.xcconfig"; sourceTree = "<group>"; };
		FFF218D6EB8C8396C6850024 /* Pods_Grow.framework */ = {isa = PBXFileReference; explicitFileType = wrapper.framework; includeInIndex = 0; path = Pods_Grow.framework; sourceTree = BUILT_PRODUCTS_DIR; };
/* End PBXFileReference section */

/* Begin PBXFrameworksBuildPhase section */
		7552E84B2CA2E86C008D3867 /* Frameworks */ = {
			isa = PBXFrameworksBuildPhase;
			buildActionMask = 2147483647;
			files = (
				1BFA8C03B70B7C5990164EB2 /* Pods_Grow.framework in Frameworks */,
			);
			runOnlyForDeploymentPostprocessing = 0;
		};
		7552E8612CA2E86D008D3867 /* Frameworks */ = {
			isa = PBXFrameworksBuildPhase;
			buildActionMask = 2147483647;
			files = (
				6A936F17ED7B730604E10E77 /* Pods_GrowTests.framework in Frameworks */,
			);
			runOnlyForDeploymentPostprocessing = 0;
		};
		7552E86B2CA2E86D008D3867 /* Frameworks */ = {
			isa = PBXFrameworksBuildPhase;
			buildActionMask = 2147483647;
			files = (
				A00E51DBA9D8FD3E34F7E7D5 /* Pods_Grow_GrowUITests.framework in Frameworks */,
			);
			runOnlyForDeploymentPostprocessing = 0;
		};
/* End PBXFrameworksBuildPhase section */

/* Begin PBXGroup section */
		53417437EEFFFE334E70EE8E /* Frameworks */ = {
			isa = PBXGroup;
			children = (
				FFF218D6EB8C8396C6850024 /* Pods_Grow.framework */,
				BA32617B0B3FD28E7799EC81 /* Pods_Grow_GrowUITests.framework */,
				5E523643B1DBD29DBAB5BC9E /* Pods_GrowTests.framework */,
			);
			name = Frameworks;
			sourceTree = "<group>";
		};
		750B33B82CB4054200923A3B /* CardView */ = {
			isa = PBXGroup;
			children = (
				750B33B92CB4057900923A3B /* CardCollectionViewCell.swift */,
				750B33BA2CB4057900923A3B /* CardCollectionViewCell.xib */,
			);
			path = CardView;
			sourceTree = "<group>";
		};
		7511AB052CA5973900B94685 /* Cell */ = {
			isa = PBXGroup;
			children = (
				7511AB062CA5977500B94685 /* CustomCollectionViewCell.swift */,
				7511AB072CA5977500B94685 /* CustomCollectionViewCell.xib */,
			);
			path = Cell;
			sourceTree = "<group>";
		};
		7552E8452CA2E86C008D3867 = {
			isa = PBXGroup;
			children = (
				7552E8502CA2E86C008D3867 /* Grow */,
				7552E8672CA2E86D008D3867 /* GrowTests */,
				7552E8712CA2E86D008D3867 /* GrowUITests */,
				7552E84F2CA2E86C008D3867 /* Products */,
				E8168A89A03AA4AD818B4C0C /* Pods */,
				53417437EEFFFE334E70EE8E /* Frameworks */,
			);
			sourceTree = "<group>";
		};
		7552E84F2CA2E86C008D3867 /* Products */ = {
			isa = PBXGroup;
			children = (
				7552E84E2CA2E86C008D3867 /* Grow.app */,
				7552E8642CA2E86D008D3867 /* GrowTests.xctest */,
				7552E86E2CA2E86D008D3867 /* GrowUITests.xctest */,
			);
			name = Products;
			sourceTree = "<group>";
		};
		7552E8502CA2E86C008D3867 /* Grow */ = {
			isa = PBXGroup;
			children = (
				7552E8512CA2E86C008D3867 /* AppDelegate.swift */,
				7552E8532CA2E86C008D3867 /* SceneDelegate.swift */,
				759262092CA2F59A003E4BA2 /* Splash Screen */,
				7592620E2CA2F69B003E4BA2 /* Base Screen */,
				7592620A2CA2F5BA003E4BA2 /* View */,
				7592620C2CA2F662003E4BA2 /* Helper */,
				7552E85A2CA2E86D008D3867 /* Assets.xcassets */,
				7552E85C2CA2E86D008D3867 /* LaunchScreen.storyboard */,
				7552E85F2CA2E86D008D3867 /* Info.plist */,
			);
			path = Grow;
			sourceTree = "<group>";
		};
		7552E8672CA2E86D008D3867 /* GrowTests */ = {
			isa = PBXGroup;
			children = (
				7552E8682CA2E86D008D3867 /* GrowTests.swift */,
			);
			path = GrowTests;
			sourceTree = "<group>";
		};
		7552E8712CA2E86D008D3867 /* GrowUITests */ = {
			isa = PBXGroup;
			children = (
				7552E8722CA2E86D008D3867 /* GrowUITests.swift */,
				7552E8742CA2E86D008D3867 /* GrowUITestsLaunchTests.swift */,
			);
			path = GrowUITests;
			sourceTree = "<group>";
		};
		759262092CA2F59A003E4BA2 /* Splash Screen */ = {
			isa = PBXGroup;
			children = (
				7592620B2CA2F5D0003E4BA2 /* Controller */,
			);
			path = "Splash Screen";
			sourceTree = "<group>";
		};
		7592620A2CA2F5BA003E4BA2 /* View */ = {
			isa = PBXGroup;
			children = (
				7552E8572CA2E86C008D3867 /* Main.storyboard */,
			);
			path = View;
			sourceTree = "<group>";
		};
		7592620B2CA2F5D0003E4BA2 /* Controller */ = {
			isa = PBXGroup;
			children = (
				7552E8552CA2E86C008D3867 /* ViewController.swift */,
			);
			path = Controller;
			sourceTree = "<group>";
		};
		7592620C2CA2F662003E4BA2 /* Helper */ = {
			isa = PBXGroup;
			children = (
				759262072CA2F3AB003E4BA2 /* plant.json */,
			);
			path = Helper;
			sourceTree = "<group>";
		};
		7592620E2CA2F69B003E4BA2 /* Base Screen */ = {
			isa = PBXGroup;
			children = (
				750B33B82CB4054200923A3B /* CardView */,
				7511AB052CA5973900B94685 /* Cell */,
				759262102CA2F6B0003E4BA2 /* Controller */,
			);
			path = "Base Screen";
			sourceTree = "<group>";
		};
		759262102CA2F6B0003E4BA2 /* Controller */ = {
			isa = PBXGroup;
			children = (
				756D9A172CA58C0800CAD41F /* BaseViewController.swift */,
			);
			path = Controller;
			sourceTree = "<group>";
		};
		E8168A89A03AA4AD818B4C0C /* Pods */ = {
			isa = PBXGroup;
			children = (
				9BBBE8EB4B6F2B8E46D1C42F /* Pods-Grow.debug.xcconfig */,
				84F0E2109633C65D8D0A6A9D /* Pods-Grow.release.xcconfig */,
				8B8C0B1B4C1518E129D9EBDA /* Pods-Grow-GrowUITests.debug.xcconfig */,
				73C500D4E7E6A8CC7B17283F /* Pods-Grow-GrowUITests.release.xcconfig */,
				F4E0DC2CD51DB0D495F2A9A9 /* Pods-GrowTests.debug.xcconfig */,
				2DC3BB0209C00688884B3E1A /* Pods-GrowTests.release.xcconfig */,
			);
			path = Pods;
			sourceTree = "<group>";
		};
/* End PBXGroup section */

/* Begin PBXNativeTarget section */
		7552E84D2CA2E86C008D3867 /* Grow */ = {
			isa = PBXNativeTarget;
			buildConfigurationList = 7552E8782CA2E86D008D3867 /* Build configuration list for PBXNativeTarget "Grow" */;
			buildPhases = (
				D15A416E8B4DC74D3409519E /* [CP] Check Pods Manifest.lock */,
				7552E84A2CA2E86C008D3867 /* Sources */,
				7552E84B2CA2E86C008D3867 /* Frameworks */,
				7552E84C2CA2E86C008D3867 /* Resources */,
				F5CB0A33D41BCA44FA5AF6E9 /* [CP] Embed Pods Frameworks */,
			);
			buildRules = (
			);
			dependencies = (
			);
			name = Grow;
			productName = Grow;
			productReference = 7552E84E2CA2E86C008D3867 /* Grow.app */;
			productType = "com.apple.product-type.application";
		};
		7552E8632CA2E86D008D3867 /* GrowTests */ = {
			isa = PBXNativeTarget;
			buildConfigurationList = 7552E87B2CA2E86D008D3867 /* Build configuration list for PBXNativeTarget "GrowTests" */;
			buildPhases = (
				B87B728D1DE355396867EF03 /* [CP] Check Pods Manifest.lock */,
				7552E8602CA2E86D008D3867 /* Sources */,
				7552E8612CA2E86D008D3867 /* Frameworks */,
				7552E8622CA2E86D008D3867 /* Resources */,
			);
			buildRules = (
			);
			dependencies = (
				7552E8662CA2E86D008D3867 /* PBXTargetDependency */,
			);
			name = GrowTests;
			productName = GrowTests;
			productReference = 7552E8642CA2E86D008D3867 /* GrowTests.xctest */;
			productType = "com.apple.product-type.bundle.unit-test";
		};
		7552E86D2CA2E86D008D3867 /* GrowUITests */ = {
			isa = PBXNativeTarget;
			buildConfigurationList = 7552E87E2CA2E86D008D3867 /* Build configuration list for PBXNativeTarget "GrowUITests" */;
			buildPhases = (
				9B7249AFB110AB9CF669218B /* [CP] Check Pods Manifest.lock */,
				7552E86A2CA2E86D008D3867 /* Sources */,
				7552E86B2CA2E86D008D3867 /* Frameworks */,
				7552E86C2CA2E86D008D3867 /* Resources */,
				9995F743345840FF84FCBEFA /* [CP] Embed Pods Frameworks */,
			);
			buildRules = (
			);
			dependencies = (
				7552E8702CA2E86D008D3867 /* PBXTargetDependency */,
			);
			name = GrowUITests;
			productName = GrowUITests;
			productReference = 7552E86E2CA2E86D008D3867 /* GrowUITests.xctest */;
			productType = "com.apple.product-type.bundle.ui-testing";
		};
/* End PBXNativeTarget section */

/* Begin PBXProject section */
		7552E8462CA2E86C008D3867 /* Project object */ = {
			isa = PBXProject;
			attributes = {
				BuildIndependentTargetsInParallel = 1;
				LastSwiftUpdateCheck = 1540;
				LastUpgradeCheck = 1540;
				TargetAttributes = {
					7552E84D2CA2E86C008D3867 = {
						CreatedOnToolsVersion = 15.4;
					};
					7552E8632CA2E86D008D3867 = {
						CreatedOnToolsVersion = 15.4;
						TestTargetID = 7552E84D2CA2E86C008D3867;
					};
					7552E86D2CA2E86D008D3867 = {
						CreatedOnToolsVersion = 15.4;
						TestTargetID = 7552E84D2CA2E86C008D3867;
					};
				};
			};
			buildConfigurationList = 7552E8492CA2E86C008D3867 /* Build configuration list for PBXProject "Grow" */;
			compatibilityVersion = "Xcode 14.0";
			developmentRegion = en;
			hasScannedForEncodings = 0;
			knownRegions = (
				en,
				Base,
			);
			mainGroup = 7552E8452CA2E86C008D3867;
			productRefGroup = 7552E84F2CA2E86C008D3867 /* Products */;
			projectDirPath = "";
			projectRoot = "";
			targets = (
				7552E84D2CA2E86C008D3867 /* Grow */,
				7552E8632CA2E86D008D3867 /* GrowTests */,
				7552E86D2CA2E86D008D3867 /* GrowUITests */,
			);
		};
/* End PBXProject section */

/* Begin PBXResourcesBuildPhase section */
		7552E84C2CA2E86C008D3867 /* Resources */ = {
			isa = PBXResourcesBuildPhase;
			buildActionMask = 2147483647;
			files = (
				7552E85B2CA2E86D008D3867 /* Assets.xcassets in Resources */,
				759262082CA2F3AB003E4BA2 /* plant.json in Resources */,
				7552E85E2CA2E86D008D3867 /* Base in Resources */,
				7511AB082CA5977500B94685 /* CustomCollectionViewCell.xib in Resources */,
				750B33BC2CB4057900923A3B /* CardCollectionViewCell.xib in Resources */,
				7552E8592CA2E86C008D3867 /* Base in Resources */,
			);
			runOnlyForDeploymentPostprocessing = 0;
		};
		7552E8622CA2E86D008D3867 /* Resources */ = {
			isa = PBXResourcesBuildPhase;
			buildActionMask = 2147483647;
			files = (
			);
			runOnlyForDeploymentPostprocessing = 0;
		};
		7552E86C2CA2E86D008D3867 /* Resources */ = {
			isa = PBXResourcesBuildPhase;
			buildActionMask = 2147483647;
			files = (
			);
			runOnlyForDeploymentPostprocessing = 0;
		};
/* End PBXResourcesBuildPhase section */

/* Begin PBXShellScriptBuildPhase section */
		9995F743345840FF84FCBEFA /* [CP] Embed Pods Frameworks */ = {
			isa = PBXShellScriptBuildPhase;
			buildActionMask = 2147483647;
			files = (
			);
			inputFileListPaths = (
				"${PODS_ROOT}/Target Support Files/Pods-Grow-GrowUITests/Pods-Grow-GrowUITests-frameworks-${CONFIGURATION}-input-files.xcfilelist",
			);
			name = "[CP] Embed Pods Frameworks";
			outputFileListPaths = (
				"${PODS_ROOT}/Target Support Files/Pods-Grow-GrowUITests/Pods-Grow-GrowUITests-frameworks-${CONFIGURATION}-output-files.xcfilelist",
			);
			runOnlyForDeploymentPostprocessing = 0;
			shellPath = /bin/sh;
			shellScript = "\"${PODS_ROOT}/Target Support Files/Pods-Grow-GrowUITests/Pods-Grow-GrowUITests-frameworks.sh\"\n";
			showEnvVarsInLog = 0;
		};
		9B7249AFB110AB9CF669218B /* [CP] Check Pods Manifest.lock */ = {
			isa = PBXShellScriptBuildPhase;
			buildActionMask = 2147483647;
			files = (
			);
			inputFileListPaths = (
			);
			inputPaths = (
				"${PODS_PODFILE_DIR_PATH}/Podfile.lock",
				"${PODS_ROOT}/Manifest.lock",
			);
			name = "[CP] Check Pods Manifest.lock";
			outputFileListPaths = (
			);
			outputPaths = (
				"$(DERIVED_FILE_DIR)/Pods-Grow-GrowUITests-checkManifestLockResult.txt",
			);
			runOnlyForDeploymentPostprocessing = 0;
			shellPath = /bin/sh;
			shellScript = "diff \"${PODS_PODFILE_DIR_PATH}/Podfile.lock\" \"${PODS_ROOT}/Manifest.lock\" > /dev/null\nif [ $? != 0 ] ; then\n    # print error to STDERR\n    echo \"error: The sandbox is not in sync with the Podfile.lock. Run 'pod install' or update your CocoaPods installation.\" >&2\n    exit 1\nfi\n# This output is used by Xcode 'outputs' to avoid re-running this script phase.\necho \"SUCCESS\" > \"${SCRIPT_OUTPUT_FILE_0}\"\n";
			showEnvVarsInLog = 0;
		};
		B87B728D1DE355396867EF03 /* [CP] Check Pods Manifest.lock */ = {
			isa = PBXShellScriptBuildPhase;
			buildActionMask = 2147483647;
			files = (
			);
			inputFileListPaths = (
			);
			inputPaths = (
				"${PODS_PODFILE_DIR_PATH}/Podfile.lock",
				"${PODS_ROOT}/Manifest.lock",
			);
			name = "[CP] Check Pods Manifest.lock";
			outputFileListPaths = (
			);
			outputPaths = (
				"$(DERIVED_FILE_DIR)/Pods-GrowTests-checkManifestLockResult.txt",
			);
			runOnlyForDeploymentPostprocessing = 0;
			shellPath = /bin/sh;
			shellScript = "diff \"${PODS_PODFILE_DIR_PATH}/Podfile.lock\" \"${PODS_ROOT}/Manifest.lock\" > /dev/null\nif [ $? != 0 ] ; then\n    # print error to STDERR\n    echo \"error: The sandbox is not in sync with the Podfile.lock. Run 'pod install' or update your CocoaPods installation.\" >&2\n    exit 1\nfi\n# This output is used by Xcode 'outputs' to avoid re-running this script phase.\necho \"SUCCESS\" > \"${SCRIPT_OUTPUT_FILE_0}\"\n";
			showEnvVarsInLog = 0;
		};
		D15A416E8B4DC74D3409519E /* [CP] Check Pods Manifest.lock */ = {
			isa = PBXShellScriptBuildPhase;
			buildActionMask = 2147483647;
			files = (
			);
			inputFileListPaths = (
			);
			inputPaths = (
				"${PODS_PODFILE_DIR_PATH}/Podfile.lock",
				"${PODS_ROOT}/Manifest.lock",
			);
			name = "[CP] Check Pods Manifest.lock";
			outputFileListPaths = (
			);
			outputPaths = (
				"$(DERIVED_FILE_DIR)/Pods-Grow-checkManifestLockResult.txt",
			);
			runOnlyForDeploymentPostprocessing = 0;
			shellPath = /bin/sh;
			shellScript = "diff \"${PODS_PODFILE_DIR_PATH}/Podfile.lock\" \"${PODS_ROOT}/Manifest.lock\" > /dev/null\nif [ $? != 0 ] ; then\n    # print error to STDERR\n    echo \"error: The sandbox is not in sync with the Podfile.lock. Run 'pod install' or update your CocoaPods installation.\" >&2\n    exit 1\nfi\n# This output is used by Xcode 'outputs' to avoid re-running this script phase.\necho \"SUCCESS\" > \"${SCRIPT_OUTPUT_FILE_0}\"\n";
			showEnvVarsInLog = 0;
		};
		F5CB0A33D41BCA44FA5AF6E9 /* [CP] Embed Pods Frameworks */ = {
			isa = PBXShellScriptBuildPhase;
			buildActionMask = 2147483647;
			files = (
			);
			inputFileListPaths = (
				"${PODS_ROOT}/Target Support Files/Pods-Grow/Pods-Grow-frameworks-${CONFIGURATION}-input-files.xcfilelist",
			);
			name = "[CP] Embed Pods Frameworks";
			outputFileListPaths = (
				"${PODS_ROOT}/Target Support Files/Pods-Grow/Pods-Grow-frameworks-${CONFIGURATION}-output-files.xcfilelist",
			);
			runOnlyForDeploymentPostprocessing = 0;
			shellPath = /bin/sh;
			shellScript = "\"${PODS_ROOT}/Target Support Files/Pods-Grow/Pods-Grow-frameworks.sh\"\n";
			showEnvVarsInLog = 0;
		};
/* End PBXShellScriptBuildPhase section */

/* Begin PBXSourcesBuildPhase section */
		7552E84A2CA2E86C008D3867 /* Sources */ = {
			isa = PBXSourcesBuildPhase;
			buildActionMask = 2147483647;
			files = (
				7552E8562CA2E86C008D3867 /* ViewController.swift in Sources */,
				7511AB092CA5977500B94685 /* CustomCollectionViewCell.swift in Sources */,
				756D9A182CA58C0800CAD41F /* BaseViewController.swift in Sources */,
				7552E8522CA2E86C008D3867 /* AppDelegate.swift in Sources */,
				750B33BB2CB4057900923A3B /* CardCollectionViewCell.swift in Sources */,
				7552E8542CA2E86C008D3867 /* SceneDelegate.swift in Sources */,
			);
			runOnlyForDeploymentPostprocessing = 0;
		};
		7552E8602CA2E86D008D3867 /* Sources */ = {
			isa = PBXSourcesBuildPhase;
			buildActionMask = 2147483647;
			files = (
				7552E8692CA2E86D008D3867 /* GrowTests.swift in Sources */,
			);
			runOnlyForDeploymentPostprocessing = 0;
		};
		7552E86A2CA2E86D008D3867 /* Sources */ = {
			isa = PBXSourcesBuildPhase;
			buildActionMask = 2147483647;
			files = (
				7552E8732CA2E86D008D3867 /* GrowUITests.swift in Sources */,
				7552E8752CA2E86D008D3867 /* GrowUITestsLaunchTests.swift in Sources */,
			);
			runOnlyForDeploymentPostprocessing = 0;
		};
/* End PBXSourcesBuildPhase section */

/* Begin PBXTargetDependency section */
		7552E8662CA2E86D008D3867 /* PBXTargetDependency */ = {
			isa = PBXTargetDependency;
			target = 7552E84D2CA2E86C008D3867 /* Grow */;
			targetProxy = 7552E8652CA2E86D008D3867 /* PBXContainerItemProxy */;
		};
		7552E8702CA2E86D008D3867 /* PBXTargetDependency */ = {
			isa = PBXTargetDependency;
			target = 7552E84D2CA2E86C008D3867 /* Grow */;
			targetProxy = 7552E86F2CA2E86D008D3867 /* PBXContainerItemProxy */;
		};
/* End PBXTargetDependency section */

/* Begin PBXVariantGroup section */
		7552E8572CA2E86C008D3867 /* Main.storyboard */ = {
			isa = PBXVariantGroup;
			children = (
				7552E8582CA2E86C008D3867 /* Base */,
			);
			name = Main.storyboard;
			sourceTree = "<group>";
		};
		7552E85C2CA2E86D008D3867 /* LaunchScreen.storyboard */ = {
			isa = PBXVariantGroup;
			children = (
				7552E85D2CA2E86D008D3867 /* Base */,
			);
			name = LaunchScreen.storyboard;
			sourceTree = "<group>";
		};
/* End PBXVariantGroup section */

/* Begin XCBuildConfiguration section */
		7552E8762CA2E86D008D3867 /* Debug */ = {
			isa = XCBuildConfiguration;
			buildSettings = {
				ALWAYS_SEARCH_USER_PATHS = NO;
				ASSETCATALOG_COMPILER_GENERATE_SWIFT_ASSET_SYMBOL_EXTENSIONS = YES;
				CLANG_ANALYZER_NONNULL = YES;
				CLANG_ANALYZER_NUMBER_OBJECT_CONVERSION = YES_AGGRESSIVE;
				CLANG_CXX_LANGUAGE_STANDARD = "gnu++20";
				CLANG_ENABLE_MODULES = YES;
				CLANG_ENABLE_OBJC_ARC = YES;
				CLANG_ENABLE_OBJC_WEAK = YES;
				CLANG_WARN_BLOCK_CAPTURE_AUTORELEASING = YES;
				CLANG_WARN_BOOL_CONVERSION = YES;
				CLANG_WARN_COMMA = YES;
				CLANG_WARN_CONSTANT_CONVERSION = YES;
				CLANG_WARN_DEPRECATED_OBJC_IMPLEMENTATIONS = YES;
				CLANG_WARN_DIRECT_OBJC_ISA_USAGE = YES_ERROR;
				CLANG_WARN_DOCUMENTATION_COMMENTS = YES;
				CLANG_WARN_EMPTY_BODY = YES;
				CLANG_WARN_ENUM_CONVERSION = YES;
				CLANG_WARN_INFINITE_RECURSION = YES;
				CLANG_WARN_INT_CONVERSION = YES;
				CLANG_WARN_NON_LITERAL_NULL_CONVERSION = YES;
				CLANG_WARN_OBJC_IMPLICIT_RETAIN_SELF = YES;
				CLANG_WARN_OBJC_LITERAL_CONVERSION = YES;
				CLANG_WARN_OBJC_ROOT_CLASS = YES_ERROR;
				CLANG_WARN_QUOTED_INCLUDE_IN_FRAMEWORK_HEADER = YES;
				CLANG_WARN_RANGE_LOOP_ANALYSIS = YES;
				CLANG_WARN_STRICT_PROTOTYPES = YES;
				CLANG_WARN_SUSPICIOUS_MOVE = YES;
				CLANG_WARN_UNGUARDED_AVAILABILITY = YES_AGGRESSIVE;
				CLANG_WARN_UNREACHABLE_CODE = YES;
				CLANG_WARN__DUPLICATE_METHOD_MATCH = YES;
				COPY_PHASE_STRIP = NO;
				DEBUG_INFORMATION_FORMAT = dwarf;
				ENABLE_STRICT_OBJC_MSGSEND = YES;
				ENABLE_TESTABILITY = YES;
				ENABLE_USER_SCRIPT_SANDBOXING = YES;
				GCC_C_LANGUAGE_STANDARD = gnu17;
				GCC_DYNAMIC_NO_PIC = NO;
				GCC_NO_COMMON_BLOCKS = YES;
				GCC_OPTIMIZATION_LEVEL = 0;
				GCC_PREPROCESSOR_DEFINITIONS = (
					"DEBUG=1",
					"$(inherited)",
				);
				GCC_WARN_64_TO_32_BIT_CONVERSION = YES;
				GCC_WARN_ABOUT_RETURN_TYPE = YES_ERROR;
				GCC_WARN_UNDECLARED_SELECTOR = YES;
				GCC_WARN_UNINITIALIZED_AUTOS = YES_AGGRESSIVE;
				GCC_WARN_UNUSED_FUNCTION = YES;
				GCC_WARN_UNUSED_VARIABLE = YES;
				IPHONEOS_DEPLOYMENT_TARGET = 17.5;
				LOCALIZATION_PREFERS_STRING_CATALOGS = YES;
				MTL_ENABLE_DEBUG_INFO = INCLUDE_SOURCE;
				MTL_FAST_MATH = YES;
				ONLY_ACTIVE_ARCH = YES;
				SDKROOT = iphoneos;
				SWIFT_ACTIVE_COMPILATION_CONDITIONS = "DEBUG $(inherited)";
				SWIFT_OPTIMIZATION_LEVEL = "-Onone";
			};
			name = Debug;
		};
		7552E8772CA2E86D008D3867 /* Release */ = {
			isa = XCBuildConfiguration;
			buildSettings = {
				ALWAYS_SEARCH_USER_PATHS = NO;
				ASSETCATALOG_COMPILER_GENERATE_SWIFT_ASSET_SYMBOL_EXTENSIONS = YES;
				CLANG_ANALYZER_NONNULL = YES;
				CLANG_ANALYZER_NUMBER_OBJECT_CONVERSION = YES_AGGRESSIVE;
				CLANG_CXX_LANGUAGE_STANDARD = "gnu++20";
				CLANG_ENABLE_MODULES = YES;
				CLANG_ENABLE_OBJC_ARC = YES;
				CLANG_ENABLE_OBJC_WEAK = YES;
				CLANG_WARN_BLOCK_CAPTURE_AUTORELEASING = YES;
				CLANG_WARN_BOOL_CONVERSION = YES;
				CLANG_WARN_COMMA = YES;
				CLANG_WARN_CONSTANT_CONVERSION = YES;
				CLANG_WARN_DEPRECATED_OBJC_IMPLEMENTATIONS = YES;
				CLANG_WARN_DIRECT_OBJC_ISA_USAGE = YES_ERROR;
				CLANG_WARN_DOCUMENTATION_COMMENTS = YES;
				CLANG_WARN_EMPTY_BODY = YES;
				CLANG_WARN_ENUM_CONVERSION = YES;
				CLANG_WARN_INFINITE_RECURSION = YES;
				CLANG_WARN_INT_CONVERSION = YES;
				CLANG_WARN_NON_LITERAL_NULL_CONVERSION = YES;
				CLANG_WARN_OBJC_IMPLICIT_RETAIN_SELF = YES;
				CLANG_WARN_OBJC_LITERAL_CONVERSION = YES;
				CLANG_WARN_OBJC_ROOT_CLASS = YES_ERROR;
				CLANG_WARN_QUOTED_INCLUDE_IN_FRAMEWORK_HEADER = YES;
				CLANG_WARN_RANGE_LOOP_ANALYSIS = YES;
				CLANG_WARN_STRICT_PROTOTYPES = YES;
				CLANG_WARN_SUSPICIOUS_MOVE = YES;
				CLANG_WARN_UNGUARDED_AVAILABILITY = YES_AGGRESSIVE;
				CLANG_WARN_UNREACHABLE_CODE = YES;
				CLANG_WARN__DUPLICATE_METHOD_MATCH = YES;
				COPY_PHASE_STRIP = NO;
				DEBUG_INFORMATION_FORMAT = "dwarf-with-dsym";
				ENABLE_NS_ASSERTIONS = NO;
				ENABLE_STRICT_OBJC_MSGSEND = YES;
				ENABLE_USER_SCRIPT_SANDBOXING = YES;
				GCC_C_LANGUAGE_STANDARD = gnu17;
				GCC_NO_COMMON_BLOCKS = YES;
				GCC_WARN_64_TO_32_BIT_CONVERSION = YES;
				GCC_WARN_ABOUT_RETURN_TYPE = YES_ERROR;
				GCC_WARN_UNDECLARED_SELECTOR = YES;
				GCC_WARN_UNINITIALIZED_AUTOS = YES_AGGRESSIVE;
				GCC_WARN_UNUSED_FUNCTION = YES;
				GCC_WARN_UNUSED_VARIABLE = YES;
				IPHONEOS_DEPLOYMENT_TARGET = 17.5;
				LOCALIZATION_PREFERS_STRING_CATALOGS = YES;
				MTL_ENABLE_DEBUG_INFO = NO;
				MTL_FAST_MATH = YES;
				SDKROOT = iphoneos;
				SWIFT_COMPILATION_MODE = wholemodule;
				VALIDATE_PRODUCT = YES;
			};
			name = Release;
		};
		7552E8792CA2E86D008D3867 /* Debug */ = {
			isa = XCBuildConfiguration;
			baseConfigurationReference = 9BBBE8EB4B6F2B8E46D1C42F /* Pods-Grow.debug.xcconfig */;
			buildSettings = {
				ASSETCATALOG_COMPILER_APPICON_NAME = AppIcon;
				ASSETCATALOG_COMPILER_GLOBAL_ACCENT_COLOR_NAME = AccentColor;
				CODE_SIGN_STYLE = Automatic;
				CURRENT_PROJECT_VERSION = 1;
				DEVELOPMENT_TEAM = FXH2MU5AG6;
				ENABLE_USER_SCRIPT_SANDBOXING = NO;
				GENERATE_INFOPLIST_FILE = YES;
				INFOPLIST_FILE = Grow/Info.plist;
				INFOPLIST_KEY_UIApplicationSupportsIndirectInputEvents = YES;
				INFOPLIST_KEY_UILaunchStoryboardName = LaunchScreen;
				INFOPLIST_KEY_UIMainStoryboardFile = Main;
				INFOPLIST_KEY_UISupportedInterfaceOrientations = UIInterfaceOrientationPortrait;
				INFOPLIST_KEY_UISupportedInterfaceOrientations_iPad = "UIInterfaceOrientationLandscapeLeft UIInterfaceOrientationLandscapeRight UIInterfaceOrientationPortrait UIInterfaceOrientationPortraitUpsideDown";
				IPHONEOS_DEPLOYMENT_TARGET = 16.0;
				LD_RUNPATH_SEARCH_PATHS = (
					"$(inherited)",
					"@executable_path/Frameworks",
				);
				MARKETING_VERSION = 1.0;
				PRODUCT_BUNDLE_IDENTIFIER = com.kedarpandya.Grow;
				PRODUCT_NAME = "$(TARGET_NAME)";
				SUPPORTED_PLATFORMS = "iphoneos iphonesimulator";
				SUPPORTS_MACCATALYST = NO;
				SUPPORTS_MAC_DESIGNED_FOR_IPHONE_IPAD = NO;
				SUPPORTS_XR_DESIGNED_FOR_IPHONE_IPAD = NO;
				SWIFT_EMIT_LOC_STRINGS = YES;
				SWIFT_VERSION = 5.0;
				TARGETED_DEVICE_FAMILY = 1;
			};
			name = Debug;
		};
		7552E87A2CA2E86D008D3867 /* Release */ = {
			isa = XCBuildConfiguration;
			baseConfigurationReference = 84F0E2109633C65D8D0A6A9D /* Pods-Grow.release.xcconfig */;
			buildSettings = {
				ASSETCATALOG_COMPILER_APPICON_NAME = AppIcon;
				ASSETCATALOG_COMPILER_GLOBAL_ACCENT_COLOR_NAME = AccentColor;
				CODE_SIGN_STYLE = Automatic;
				CURRENT_PROJECT_VERSION = 1;
				DEVELOPMENT_TEAM = FXH2MU5AG6;
				ENABLE_USER_SCRIPT_SANDBOXING = NO;
				GENERATE_INFOPLIST_FILE = YES;
				INFOPLIST_FILE = Grow/Info.plist;
				INFOPLIST_KEY_UIApplicationSupportsIndirectInputEvents = YES;
				INFOPLIST_KEY_UILaunchStoryboardName = LaunchScreen;
				INFOPLIST_KEY_UIMainStoryboardFile = Main;
				INFOPLIST_KEY_UISupportedInterfaceOrientations = UIInterfaceOrientationPortrait;
				INFOPLIST_KEY_UISupportedInterfaceOrientations_iPad = "UIInterfaceOrientationLandscapeLeft UIInterfaceOrientationLandscapeRight UIInterfaceOrientationPortrait UIInterfaceOrientationPortraitUpsideDown";
				IPHONEOS_DEPLOYMENT_TARGET = 16.0;
				LD_RUNPATH_SEARCH_PATHS = (
					"$(inherited)",
					"@executable_path/Frameworks",
				);
				MARKETING_VERSION = 1.0;
				PRODUCT_BUNDLE_IDENTIFIER = com.kedarpandya.Grow;
				PRODUCT_NAME = "$(TARGET_NAME)";
				SUPPORTED_PLATFORMS = "iphoneos iphonesimulator";
				SUPPORTS_MACCATALYST = NO;
				SUPPORTS_MAC_DESIGNED_FOR_IPHONE_IPAD = NO;
				SUPPORTS_XR_DESIGNED_FOR_IPHONE_IPAD = NO;
				SWIFT_EMIT_LOC_STRINGS = YES;
				SWIFT_VERSION = 5.0;
				TARGETED_DEVICE_FAMILY = 1;
			};
			name = Release;
		};
		7552E87C2CA2E86D008D3867 /* Debug */ = {
			isa = XCBuildConfiguration;
			baseConfigurationReference = F4E0DC2CD51DB0D495F2A9A9 /* Pods-GrowTests.debug.xcconfig */;
			buildSettings = {
				ALWAYS_EMBED_SWIFT_STANDARD_LIBRARIES = YES;
				BUNDLE_LOADER = "$(TEST_HOST)";
				CODE_SIGN_STYLE = Automatic;
				CURRENT_PROJECT_VERSION = 1;
				DEVELOPMENT_TEAM = FXH2MU5AG6;
				GENERATE_INFOPLIST_FILE = YES;
				IPHONEOS_DEPLOYMENT_TARGET = 17.5;
				MARKETING_VERSION = 1.0;
				PRODUCT_BUNDLE_IDENTIFIER = com.kedarpandya.GrowTests;
				PRODUCT_NAME = "$(TARGET_NAME)";
				SWIFT_EMIT_LOC_STRINGS = NO;
				SWIFT_VERSION = 5.0;
				TARGETED_DEVICE_FAMILY = "1,2";
				TEST_HOST = "$(BUILT_PRODUCTS_DIR)/Grow.app/$(BUNDLE_EXECUTABLE_FOLDER_PATH)/Grow";
			};
			name = Debug;
		};
		7552E87D2CA2E86D008D3867 /* Release */ = {
			isa = XCBuildConfiguration;
			baseConfigurationReference = 2DC3BB0209C00688884B3E1A /* Pods-GrowTests.release.xcconfig */;
			buildSettings = {
				ALWAYS_EMBED_SWIFT_STANDARD_LIBRARIES = YES;
				BUNDLE_LOADER = "$(TEST_HOST)";
				CODE_SIGN_STYLE = Automatic;
				CURRENT_PROJECT_VERSION = 1;
				DEVELOPMENT_TEAM = FXH2MU5AG6;
				GENERATE_INFOPLIST_FILE = YES;
				IPHONEOS_DEPLOYMENT_TARGET = 17.5;
				MARKETING_VERSION = 1.0;
				PRODUCT_BUNDLE_IDENTIFIER = com.kedarpandya.GrowTests;
				PRODUCT_NAME = "$(TARGET_NAME)";
				SWIFT_EMIT_LOC_STRINGS = NO;
				SWIFT_VERSION = 5.0;
				TARGETED_DEVICE_FAMILY = "1,2";
				TEST_HOST = "$(BUILT_PRODUCTS_DIR)/Grow.app/$(BUNDLE_EXECUTABLE_FOLDER_PATH)/Grow";
			};
			name = Release;
		};
		7552E87F2CA2E86D008D3867 /* Debug */ = {
			isa = XCBuildConfiguration;
			baseConfigurationReference = 8B8C0B1B4C1518E129D9EBDA /* Pods-Grow-GrowUITests.debug.xcconfig */;
			buildSettings = {
				ALWAYS_EMBED_SWIFT_STANDARD_LIBRARIES = YES;
				CODE_SIGN_STYLE = Automatic;
				CURRENT_PROJECT_VERSION = 1;
				DEVELOPMENT_TEAM = FXH2MU5AG6;
				GENERATE_INFOPLIST_FILE = YES;
				MARKETING_VERSION = 1.0;
				PRODUCT_BUNDLE_IDENTIFIER = com.kedarpandya.GrowUITests;
				PRODUCT_NAME = "$(TARGET_NAME)";
				SWIFT_EMIT_LOC_STRINGS = NO;
				SWIFT_VERSION = 5.0;
				TARGETED_DEVICE_FAMILY = "1,2";
				TEST_TARGET_NAME = Grow;
			};
			name = Debug;
		};
		7552E8802CA2E86D008D3867 /* Release */ = {
			isa = XCBuildConfiguration;
			baseConfigurationReference = 73C500D4E7E6A8CC7B17283F /* Pods-Grow-GrowUITests.release.xcconfig */;
			buildSettings = {
				ALWAYS_EMBED_SWIFT_STANDARD_LIBRARIES = YES;
				CODE_SIGN_STYLE = Automatic;
				CURRENT_PROJECT_VERSION = 1;
				DEVELOPMENT_TEAM = FXH2MU5AG6;
				GENERATE_INFOPLIST_FILE = YES;
				MARKETING_VERSION = 1.0;
				PRODUCT_BUNDLE_IDENTIFIER = com.kedarpandya.GrowUITests;
				PRODUCT_NAME = "$(TARGET_NAME)";
				SWIFT_EMIT_LOC_STRINGS = NO;
				SWIFT_VERSION = 5.0;
				TARGETED_DEVICE_FAMILY = "1,2";
				TEST_TARGET_NAME = Grow;
			};
			name = Release;
		};
/* End XCBuildConfiguration section */

/* Begin XCConfigurationList section */
		7552E8492CA2E86C008D3867 /* Build configuration list for PBXProject "Grow" */ = {
			isa = XCConfigurationList;
			buildConfigurations = (
				7552E8762CA2E86D008D3867 /* Debug */,
				7552E8772CA2E86D008D3867 /* Release */,
			);
			defaultConfigurationIsVisible = 0;
			defaultConfigurationName = Release;
		};
		7552E8782CA2E86D008D3867 /* Build configuration list for PBXNativeTarget "Grow" */ = {
			isa = XCConfigurationList;
			buildConfigurations = (
				7552E8792CA2E86D008D3867 /* Debug */,
				7552E87A2CA2E86D008D3867 /* Release */,
			);
			defaultConfigurationIsVisible = 0;
			defaultConfigurationName = Release;
		};
		7552E87B2CA2E86D008D3867 /* Build configuration list for PBXNativeTarget "GrowTests" */ = {
			isa = XCConfigurationList;
			buildConfigurations = (
				7552E87C2CA2E86D008D3867 /* Debug */,
				7552E87D2CA2E86D008D3867 /* Release */,
			);
			defaultConfigurationIsVisible = 0;
			defaultConfigurationName = Release;
		};
		7552E87E2CA2E86D008D3867 /* Build configuration list for PBXNativeTarget "GrowUITests" */ = {
			isa = XCConfigurationList;
			buildConfigurations = (
				7552E87F2CA2E86D008D3867 /* Debug */,
				7552E8802CA2E86D008D3867 /* Release */,
			);
			defaultConfigurationIsVisible = 0;
			defaultConfigurationName = Release;
		};
/* End XCConfigurationList section */
	};
	rootObject = 7552E8462CA2E86C008D3867 /* Project object */;
}
